Microsoft Visual Studio Solution File, Format Version 12.00
# Visual Studio Version 17
VisualStudioVersion = 17.5.2.0
MinimumVisualStudioVersion = 10.0.40219.1
Project("{2150E333-8FDC-42A3-9474-1A3956D46DE8}") = "sudoku", "sudoku", "{27DA0554-123E-6B6C-310F-892C2966C0E9}"
EndProject
Project("{FAE04EC0-301F-11D3-BF4B-00C04F79EFBC}") = "SudokuApp", "sudoku\SudokuApp\SudokuApp.csproj", "{50F43886-2895-A0BF-2159-3FF63A11247A}"
EndProject
Global
	GlobalSection(SolutionConfigurationPlatforms) = preSolution
		Debug|Any CPU = Debug|Any CPU
		Release|Any CPU = Release|Any CPU
	EndGlobalSection
	GlobalSection(ProjectConfigurationPlatforms) = postSolution
		{50F43886-2895-A0BF-2159-3FF63A11247A}.Debug|Any CPU.ActiveCfg = Debug|Any CPU
		{50F43886-2895-A0BF-2159-3FF63A11247A}.Debug|Any CPU.Build.0 = Debug|Any CPU
		{50F43886-2895-A0BF-2159-3FF63A11247A}.Release|Any CPU.ActiveCfg = Release|Any CPU
		{50F43886-2895-A0BF-2159-3FF63A11247A}.Release|Any CPU.Build.0 = Release|Any CPU
	EndGlobalSection
	GlobalSection(SolutionProperties) = preSolution
		HideSolutionNode = FALSE
	EndGlobalSection
	GlobalSection(NestedProjects) = preSolution
		{50F43886-2895-A0BF-2159-3FF63A11247A} = {27DA0554-123E-6B6C-310F-892C2966C0E9}
	EndGlobalSection
	GlobalSection(ExtensibilityGlobals) = postSolution
		SolutionGuid = {1D4DBC93-FC5F-4019-B60C-4EEA5BF0FD02}
	EndGlobalSection
EndGlobal
